// !$*UTF8*$!
{
	archiveVersion = 1;
	classes = {
	};
	objectVersion = 77;
	objects = {

/* Begin PBXContainerItemProxy section */
		030677F72FD35B3D00937885 /* PBXContainerItemProxy */ = {
			isa = PBXContainerItemProxy;
			containerPortal = 030677E12FD35B3A00937885 /* Project object */;
			proxyType = 1;
			remoteGlobalIDString = 030677E82FD35B3A00937885;
			remoteInfo = CoreBluetoothExplorer;
		};
		030678012FD35B3D00937885 /* PBXContainerItemProxy */ = {
			isa = PBXContainerItemProxy;
			containerPortal = 030677E12FD35B3A00937885 /* Project object */;
			proxyType = 1;
			remoteGlobalIDString = 030677E82FD35B3A00937885;
			remoteInfo = CoreBluetoothExplorer;
		};
/* End PBXContainerItemProxy section */

/* Begin PBXFileReference section */
		030677E92FD35B3A00937885 /* CoreBluetoothExplorer.app */ = {isa = PBXFileReference; explicitFileType = wrapper.application; includeInIndex = 0; path = CoreBluetoothExplorer.app; sourceTree = BUILT_PRODUCTS_DIR; };
		030677F62FD35B3D00937885 /* CoreBluetoothExplorerTests.xctest */ = {isa = PBXFileReference; explicitFileType = wrapper.cfbundle; includeInIndex = 0; path = CoreBluetoothExplorerTests.xctest; sourceTree = BUILT_PRODUCTS_DIR; };
		030678002FD35B3D00937885 /* CoreBluetoothExplorerUITests.xctest */ = {isa = PBXFileReference; explicitFileType = wrapper.cfbundle; includeInIndex = 0; path = CoreBluetoothExplorerUITests.xctest; sourceTree = BUILT_PRODUCTS_DIR; };
/* End PBXFileReference section */

/* Begin PBXFileSystemSynchronizedRootGroup section */
		030677EB2FD35B3A00937885 /* CoreBluetoothExplorer */ = {
			isa = PBXFileSystemSynchronizedRootGroup;
			path = CoreBluetoothExplorer;
			sourceTree = "<group>";
		};
		030677F92FD35B3D00937885 /* CoreBluetoothExplorerTests */ = {
			isa = PBXFileSystemSynchronizedRootGroup;
			path = CoreBluetoothExplorerTests;
			sourceTree = "<group>";
		};
		030678032FD35B3D00937885 /* CoreBluetoothExplorerUITests */ = {
			isa = PBXFileSystemSynchronizedRootGroup;
			path = CoreBluetoothExplorerUITests;
			sourceTree = "<group>";
		};
/* End PBXFileSystemSynchronizedRootGroup section */

/* Begin PBXFrameworksBuildPhase section */
		030677E62FD35B3A00937885 /* Frameworks */ = {
			isa = PBXFrameworksBuildPhase;
			buildActionMask = 2147483647;
			files = (
			);
			runOnlyForDeploymentPostprocessing = 0;
		};
		030677F32FD35B3D00937885 /* Frameworks */ = {
			isa = PBXFrameworksBuildPhase;
			buildActionMask = 2147483647;
			files = (
			);
			runOnlyForDeploymentPostprocessing = 0;
		};
		030677FD2FD35B3D00937885 /* Frameworks */ = {
			isa = PBXFrameworksBuildPhase;
			buildActionMask = 2147483647;
			files = (
			);
			runOnlyForDeploymentPostprocessing = 0;
		};
/* End PBXFrameworksBuildPhase section */

/* Begin PBXGroup section */
		030677E02FD35B3A00937885 = {
			isa = PBXGroup;
			children = (
				030677EB2FD35B3A00937885 /* CoreBluetoothExplorer */,
				030677F92FD35B3D00937885 /* CoreBluetoothExplorerTests */,
				030678032FD35B3D00937885 /* CoreBluetoothExplorerUITests */,
				030677EA2FD35B3A00937885 /* Products */,
			);
			sourceTree = "<group>";
		};
		030677EA2FD35B3A00937885 /* Products */ = {
			isa = PBXGroup;
			children = (
				030677E92FD35B3A00937885 /* CoreBluetoothExplorer.app */,
				030677F62FD35B3D00937885 /* CoreBluetoothExplorerTests.xctest */,
				030678002FD35B3D00937885 /* CoreBluetoothExplorerUITests.xctest */,
			);
			name = Products;
			sourceTree = "<group>";
		};
/* End PBXGroup section */

/* Begin PBXNativeTarget section */
		030677E82FD35B3A00937885 /* CoreBluetoothExplorer */ = {
			isa = PBXNativeTarget;
			buildConfigurationList = 0306780A2FD35B3D00937885 /* Build configuration list for PBXNativeTarget "CoreBluetoothExplorer" */;
			buildPhases = (
				030677E52FD35B3A00937885 /* Sources */,
				030677E62FD35B3A00937885 /* Frameworks */,
				030677E72FD35B3A00937885 /* Resources */,
			);
			buildRules = (
			);
			dependencies = (
			);
			fileSystemSynchronizedGroups = (
				030677EB2FD35B3A00937885 /* CoreBluetoothExplorer */,
			);
			name = CoreBluetoothExplorer;
			packageProductDependencies = (
			);
			productName = CoreBluetoothExplorer;
			productReference = 030677E92FD35B3A00937885 /* CoreBluetoothExplorer.app */;
			productType = "com.apple.product-type.application";
		};
		030677F52FD35B3D00937885 /* CoreBluetoothExplorerTests */ = {
			isa = PBXNativeTarget;
			buildConfigurationList = 0306780D2FD35B3D00937885 /* Build configuration list for PBXNativeTarget "CoreBluetoothExplorerTests" */;
			buildPhases = (
				030677F22FD35B3D00937885 /* Sources */,
				030677F32FD35B3D00937885 /* Frameworks */,
				030677F42FD35B3D00937885 /* Resources */,
			);
			buildRules = (
			);
			dependencies = (
				030677F82FD35B3D00937885 /* PBXTargetDependency */,
			);
			fileSystemSynchronizedGroups = (
				030677F92FD35B3D00937885 /* CoreBluetoothExplorerTests */,
			);
			name = CoreBluetoothExplorerTests;
			packageProductDependencies = (
			);
			productName = CoreBluetoothExplorerTests;
			productReference = 030677F62FD35B3D00937885 /* CoreBluetoothExplorerTests.xctest */;
			productType = "com.apple.product-type.bundle.unit-test";
		};
		030677FF2FD35B3D00937885 /* CoreBluetoothExplorerUITests */ = {
			isa = PBXNativeTarget;
			buildConfigurationList = 030678102FD35B3D00937885 /* Build configuration list for PBXNativeTarget "CoreBluetoothExplorerUITests" */;
			buildPhases = (
				030677FC2FD35B3D00937885 /* Sources */,
				030677FD2FD35B3D00937885 /* Frameworks */,
				030677FE2FD35B3D00937885 /* Resources */,
			);
			buildRules = (
			);
			dependencies = (
				030678022FD35B3D00937885 /* PBXTargetDependency */,
			);
			fileSystemSynchronizedGroups = (
				030678032FD35B3D00937885 /* CoreBluetoothExplorerUITests */,
			);
			name = CoreBluetoothExplorerUITests;
			packageProductDependencies = (
			);
			productName = CoreBluetoothExplorerUITests;
			productReference = 030678002FD35B3D00937885 /* CoreBluetoothExplorerUITests.xctest */;
			productType = "com.apple.product-type.bundle.ui-testing";
		};
/* End PBXNativeTarget section */

/* Begin PBXProject section */
		030677E12FD35B3A00937885 /* Project object */ = {
			isa = PBXProject;
			attributes = {
				BuildIndependentTargetsInParallel = 1;
				LastSwiftUpdateCheck = 1630;
				LastUpgradeCheck = 1630;
				TargetAttributes = {
					030677E82FD35B3A00937885 = {
						CreatedOnToolsVersion = 16.3;
					};
					030677F52FD35B3D00937885 = {
						CreatedOnToolsVersion = 16.3;
						TestTargetID = 030677E82FD35B3A00937885;
					};
					030677FF2FD35B3D00937885 = {
						CreatedOnToolsVersion = 16.3;
						TestTargetID = 030677E82FD35B3A00937885;
					};
				};
			};
			buildConfigurationList = 030677E42FD35B3A00937885 /* Build configuration list for PBXProject "CoreBluetoothExplorer" */;
			developmentRegion = en;
			hasScannedForEncodings = 0;
			knownRegions = (
				en,
				Base,
			);
			mainGroup = 030677E02FD35B3A00937885;
			minimizedProjectReferenceProxies = 1;
			preferredProjectObjectVersion = 77;
			productRefGroup = 030677EA2FD35B3A00937885 /* Products */;
			projectDirPath = "";
			projectRoot = "";
			targets = (
				030677E82FD35B3A00937885 /* CoreBluetoothExplorer */,
				030677F52FD35B3D00937885 /* CoreBluetoothExplorerTests */,
				030677FF2FD35B3D00937885 /* CoreBluetoothExplorerUITests */,
			);
		};
/* End PBXProject section */

/* Begin PBXResourcesBuildPhase section */
		030677E72FD35B3A00937885 /* Resources */ = {
			isa = PBXResourcesBuildPhase;
			buildActionMask = 2147483647;
			files = (
			);
			runOnlyForDeploymentPostprocessing = 0;
		};
		030677F42FD35B3D00937885 /* Resources */ = {
			isa = PBXResourcesBuildPhase;
			buildActionMask = 2147483647;
			files = (
			);
			runOnlyForDeploymentPostprocessing = 0;
		};
		030677FE2FD35B3D00937885 /* Resources */ = {
			isa = PBXResourcesBuildPhase;
			buildActionMask = 2147483647;
			files = (
			);
			runOnlyForDeploymentPostprocessing = 0;
		};
/* End PBXResourcesBuildPhase section */

/* Begin PBXSourcesBuildPhase section */
		030677E52FD35B3A00937885 /* Sources */ = {
			isa = PBXSourcesBuildPhase;
			buildActionMask = 2147483647;
			files = (
			);
			runOnlyForDeploymentPostprocessing = 0;
		};
		030677F22FD35B3D00937885 /* Sources */ = {
			isa = PBXSourcesBuildPhase;
			buildActionMask = 2147483647;
			files = (
			);
			runOnlyForDeploymentPostprocessing = 0;
		};
		030677FC2FD35B3D00937885 /* Sources */ = {
			isa = PBXSourcesBuildPhase;
			buildActionMask = 2147483647;
			files = (
			);
			runOnlyForDeploymentPostprocessing = 0;
		};
/* End PBXSourcesBuildPhase section */

/* Begin PBXTargetDependency section */
		030677F82FD35B3D00937885 /* PBXTargetDependency */ = {
			isa = PBXTargetDependency;
			target = 030677E82FD35B3A00937885 /* CoreBluetoothExplorer */;
			targetProxy = 030677F72FD35B3D00937885 /* PBXContainerItemProxy */;
		};
		030678022FD35B3D00937885 /* PBXTargetDependency */ = {
			isa = PBXTargetDependency;
			target = 030677E82FD35B3A00937885 /* CoreBluetoothExplorer */;
			targetProxy = 030678012FD35B3D00937885 /* PBXContainerItemProxy */;
		};
/* End PBXTargetDependency section */

/* Begin XCBuildConfiguration section */
		030678082FD35B3D00937885 /* Debug */ = {
			isa = XCBuildConfiguration;
			buildSettings = {
				ALWAYS_SEARCH_USER_PATHS = NO;
				ASSETCATALOG_COMPILER_GENERATE_SWIFT_ASSET_SYMBOL_EXTENSIONS = YES;
				CLANG_ANALYZER_NONNULL = YES;
				CLANG_ANALYZER_NUMBER_OBJECT_CONVERSION = YES_AGGRESSIVE;
				CLANG_CXX_LANGUAGE_STANDARD = "gnu++20";
				CLANG_ENABLE_MODULES = YES;
				CLANG_ENABLE_OBJC_ARC = YES;
				CLANG_ENABLE_OBJC_WEAK = YES;
				CLANG_WARN_BLOCK_CAPTURE_AUTORELEASING = YES;
				CLANG_WARN_BOOL_CONVERSION = YES;
				CLANG_WARN_COMMA = YES;
				CLANG_WARN_CONSTANT_CONVERSION = YES;
				CLANG_WARN_DEPRECATED_OBJC_IMPLEMENTATIONS = YES;
				CLANG_WARN_DIRECT_OBJC_ISA_USAGE = YES_ERROR;
				CLANG_WARN_DOCUMENTATION_COMMENTS = YES;
				CLANG_WARN_EMPTY_BODY = YES;
				CLANG_WARN_ENUM_CONVERSION = YES;
				CLANG_WARN_INFINITE_RECURSION = YES;
				CLANG_WARN_INT_CONVERSION = YES;
				CLANG_WARN_NON_LITERAL_NULL_CONVERSION = YES;
				CLANG_WARN_OBJC_IMPLICIT_RETAIN_SELF = YES;
				CLANG_WARN_OBJC_LITERAL_CONVERSION = YES;
				CLANG_WARN_OBJC_ROOT_CLASS = YES_ERROR;
				CLANG_WARN_QUOTED_INCLUDE_IN_FRAMEWORK_HEADER = YES;
				CLANG_WARN_RANGE_LOOP_ANALYSIS = YES;
				CLANG_WARN_STRICT_PROTOTYPES = YES;
				CLANG_WARN_SUSPICIOUS_MOVE = YES;
				CLANG_WARN_UNGUARDED_AVAILABILITY = YES_AGGRESSIVE;
				CLANG_WARN_UNREACHABLE_CODE = YES;
				CLANG_WARN__DUPLICATE_METHOD_MATCH = YES;
				COPY_PHASE_STRIP = NO;
				DEBUG_INFORMATION_FORMAT = dwarf;
				DEVELOPMENT_TEAM = QUFDSU77H7;
				ENABLE_STRICT_OBJC_MSGSEND = YES;
				ENABLE_TESTABILITY = YES;
				ENABLE_USER_SCRIPT_SANDBOXING = YES;
				GCC_C_LANGUAGE_STANDARD = gnu17;
				GCC_DYNAMIC_NO_PIC = NO;
				GCC_NO_COMMON_BLOCKS = YES;
				GCC_OPTIMIZATION_LEVEL = 0;
				GCC_PREPROCESSOR_DEFINITIONS = (
					"DEBUG=1",
					"$(inherited)",
				);
				GCC_WARN_64_TO_32_BIT_CONVERSION = YES;
				GCC_WARN_ABOUT_RETURN_TYPE = YES_ERROR;
				GCC_WARN_UNDECLARED_SELECTOR = YES;
				GCC_WARN_UNINITIALIZED_AUTOS = YES_AGGRESSIVE;
				GCC_WARN_UNUSED_FUNCTION = YES;
				GCC_WARN_UNUSED_VARIABLE = YES;
				IPHONEOS_DEPLOYMENT_TARGET = 18.4;
				LOCALIZATION_PREFERS_STRING_CATALOGS = YES;
				MTL_ENABLE_DEBUG_INFO = INCLUDE_SOURCE;
				MTL_FAST_MATH = YES;
				ONLY_ACTIVE_ARCH = YES;
				SDKROOT = iphoneos;
				SWIFT_ACTIVE_COMPILATION_CONDITIONS = "DEBUG $(inherited)";
				SWIFT_OPTIMIZATION_LEVEL = "-Onone";
			};
			name = Debug;
		};
		030678092FD35B3D00937885 /* Release */ = {
			isa = XCBuildConfiguration;
			buildSettings = {
				ALWAYS_SEARCH_USER_PATHS = NO;
				ASSETCATALOG_COMPILER_GENERATE_SWIFT_ASSET_SYMBOL_EXTENSIONS = YES;
				CLANG_ANALYZER_NONNULL = YES;
				CLANG_ANALYZER_NUMBER_OBJECT_CONVERSION = YES_AGGRESSIVE;
				CLANG_CXX_LANGUAGE_STANDARD = "gnu++20";
				CLANG_ENABLE_MODULES = YES;
				CLANG_ENABLE_OBJC_ARC = YES;
				CLANG_ENABLE_OBJC_WEAK = YES;
				CLANG_WARN_BLOCK_CAPTURE_AUTORELEASING = YES;
				CLANG_WARN_BOOL_CONVERSION = YES;
				CLANG_WARN_COMMA = YES;
				CLANG_WARN_CONSTANT_CONVERSION = YES;
				CLANG_WARN_DEPRECATED_OBJC_IMPLEMENTATIONS = YES;
				CLANG_WARN_DIRECT_OBJC_ISA_USAGE = YES_ERROR;
				CLANG_WARN_DOCUMENTATION_COMMENTS = YES;
				CLANG_WARN_EMPTY_BODY = YES;
				CLANG_WARN_ENUM_CONVERSION = YES;
				CLANG_WARN_INFINITE_RECURSION = YES;
				CLANG_WARN_INT_CONVERSION = YES;
				CLANG_WARN_NON_LITERAL_NULL_CONVERSION = YES;
				CLANG_WARN_OBJC_IMPLICIT_RETAIN_SELF = YES;
				CLANG_WARN_OBJC_LITERAL_CONVERSION = YES;
				CLANG_WARN_OBJC_ROOT_CLASS = YES_ERROR;
				CLANG_WARN_QUOTED_INCLUDE_IN_FRAMEWORK_HEADER = YES;
				CLANG_WARN_RANGE_LOOP_ANALYSIS = YES;
				CLANG_WARN_STRICT_PROTOTYPES = YES;
				CLANG_WARN_SUSPICIOUS_MOVE = YES;
				CLANG_WARN_UNGUARDED_AVAILABILITY = YES_AGGRESSIVE;
				CLANG_WARN_UNREACHABLE_CODE = YES;
				CLANG_WARN__DUPLICATE_METHOD_MATCH = YES;
				COPY_PHASE_STRIP = NO;
				DEBUG_INFORMATION_FORMAT = "dwarf-with-dsym";
				DEVELOPMENT_TEAM = QUFDSU77H7;
				ENABLE_NS_ASSERTIONS = NO;
				ENABLE_STRICT_OBJC_MSGSEND = YES;
				ENABLE_USER_SCRIPT_SANDBOXING = YES;
				GCC_C_LANGUAGE_STANDARD = gnu17;
				GCC_NO_COMMON_BLOCKS = YES;
				GCC_WARN_64_TO_32_BIT_CONVERSION = YES;
				GCC_WARN_ABOUT_RETURN_TYPE = YES_ERROR;
				GCC_WARN_UNDECLARED_SELECTOR = YES;
				GCC_WARN_UNINITIALIZED_AUTOS = YES_AGGRESSIVE;
				GCC_WARN_UNUSED_FUNCTION = YES;
				GCC_WARN_UNUSED_VARIABLE = YES;
				IPHONEOS_DEPLOYMENT_TARGET = 18.4;
				LOCALIZATION_PREFERS_STRING_CATALOGS = YES;
				MTL_ENABLE_DEBUG_INFO = NO;
				MTL_FAST_MATH = YES;
				SDKROOT = iphoneos;
				SWIFT_COMPILATION_MODE = wholemodule;
				VALIDATE_PRODUCT = YES;
			};
			name = Release;
		};
		0306780B2FD35B3D00937885 /* Debug */ = {
			isa = XCBuildConfiguration;
			buildSettings = {
				ASSETCATALOG_COMPILER_APPICON_NAME = AppIcon;
				ASSETCATALOG_COMPILER_GLOBAL_ACCENT_COLOR_NAME = AccentColor;
				CODE_SIGN_STYLE = Automatic;
				CURRENT_PROJECT_VERSION = 1;
				DEVELOPMENT_TEAM = QUFDSU77H7;
				ENABLE_PREVIEWS = YES;
				GENERATE_INFOPLIST_FILE = YES;
				INFOPLIST_KEY_NSBluetoothAlwaysUsageDescription = "This app uses Bluetooth to discover and connect to nearby BLE devices.";
				INFOPLIST_KEY_UIApplicationSceneManifest_Generation = YES;
				INFOPLIST_KEY_UIApplicationSupportsIndirectInputEvents = YES;
				INFOPLIST_KEY_UILaunchScreen_Generation = YES;
				INFOPLIST_KEY_UISupportedInterfaceOrientations_iPad = "UIInterfaceOrientationPortrait UIInterfaceOrientationPortraitUpsideDown UIInterfaceOrientationLandscapeLeft UIInterfaceOrientationLandscapeRight";
				INFOPLIST_KEY_UISupportedInterfaceOrientations_iPhone = "UIInterfaceOrientationPortrait UIInterfaceOrientationLandscapeLeft UIInterfaceOrientationLandscapeRight";
				IPHONEOS_DEPLOYMENT_TARGET = 16.6;
				LD_RUNPATH_SEARCH_PATHS = (
					"$(inherited)",
					"@executable_path/Frameworks",
				);
				MARKETING_VERSION = 1.0;
				PRODUCT_BUNDLE_IDENTIFIER = com.roberto.CoreBluetoothExplorer;
				PRODUCT_NAME = "$(TARGET_NAME)";
				SWIFT_EMIT_LOC_STRINGS = YES;
				SWIFT_VERSION = 5.0;
				TARGETED_DEVICE_FAMILY = "1,2";
			};
			name = Debug;
		};
		0306780C2FD35B3D00937885 /* Release */ = {
			isa = XCBuildConfiguration;
			buildSettings = {
				ASSETCATALOG_COMPILER_APPICON_NAME = AppIcon;
				ASSETCATALOG_COMPILER_GLOBAL_ACCENT_COLOR_NAME = AccentColor;
				CODE_SIGN_STYLE = Automatic;
				CURRENT_PROJECT_VERSION = 1;
				DEVELOPMENT_TEAM = QUFDSU77H7;
				ENABLE_PREVIEWS = YES;
				GENERATE_INFOPLIST_FILE = YES;
				INFOPLIST_KEY_NSBluetoothAlwaysUsageDescription = "This app uses Bluetooth to discover and connect to nearby BLE devices.";
				INFOPLIST_KEY_UIApplicationSceneManifest_Generation = YES;
				INFOPLIST_KEY_UIApplicationSupportsIndirectInputEvents = YES;
				INFOPLIST_KEY_UILaunchScreen_Generation = YES;
				INFOPLIST_KEY_UISupportedInterfaceOrientations_iPad = "UIInterfaceOrientationPortrait UIInterfaceOrientationPortraitUpsideDown UIInterfaceOrientationLandscapeLeft UIInterfaceOrientationLandscapeRight";
				INFOPLIST_KEY_UISupportedInterfaceOrientations_iPhone = "UIInterfaceOrientationPortrait UIInterfaceOrientationLandscapeLeft UIInterfaceOrientationLandscapeRight";
				IPHONEOS_DEPLOYMENT_TARGET = 16.6;
				LD_RUNPATH_SEARCH_PATHS = (
					"$(inherited)",
					"@executable_path/Frameworks",
				);
				MARKETING_VERSION = 1.0;
				PRODUCT_BUNDLE_IDENTIFIER = com.roberto.CoreBluetoothExplorer;
				PRODUCT_NAME = "$(TARGET_NAME)";
				SWIFT_EMIT_LOC_STRINGS = YES;
				SWIFT_VERSION = 5.0;
				TARGETED_DEVICE_FAMILY = "1,2";
			};
			name = Release;
		};
		0306780E2FD35B3D00937885 /* Debug */ = {
			isa = XCBuildConfiguration;
			buildSettings = {
				BUNDLE_LOADER = "$(TEST_HOST)";
				CODE_SIGN_STYLE = Automatic;
				CURRENT_PROJECT_VERSION = 1;
				DEVELOPMENT_TEAM = QUFDSU77H7;
				GENERATE_INFOPLIST_FILE = YES;
				IPHONEOS_DEPLOYMENT_TARGET = 18.4;
				MARKETING_VERSION = 1.0;
				PRODUCT_BUNDLE_IDENTIFIER = com.roberto.CoreBluetoothExplorerTests;
				PRODUCT_NAME = "$(TARGET_NAME)";
				SWIFT_EMIT_LOC_STRINGS = NO;
				SWIFT_VERSION = 5.0;
				TARGETED_DEVICE_FAMILY = "1,2";
				TEST_HOST = "$(BUILT_PRODUCTS_DIR)/CoreBluetoothExplorer.app/$(BUNDLE_EXECUTABLE_FOLDER_PATH)/CoreBluetoothExplorer";
			};
			name = Debug;
		};
		0306780F2FD35B3D00937885 /* Release */ = {
			isa = XCBuildConfiguration;
			buildSettings = {
				BUNDLE_LOADER = "$(TEST_HOST)";
				CODE_SIGN_STYLE = Automatic;
				CURRENT_PROJECT_VERSION = 1;
				DEVELOPMENT_TEAM = QUFDSU77H7;
				GENERATE_INFOPLIST_FILE = YES;
				IPHONEOS_DEPLOYMENT_TARGET = 18.4;
				MARKETING_VERSION = 1.0;
				PRODUCT_BUNDLE_IDENTIFIER = com.roberto.CoreBluetoothExplorerTests;
				PRODUCT_NAME = "$(TARGET_NAME)";
				SWIFT_EMIT_LOC_STRINGS = NO;
				SWIFT_VERSION = 5.0;
				TARGETED_DEVICE_FAMILY = "1,2";
				TEST_HOST = "$(BUILT_PRODUCTS_DIR)/CoreBluetoothExplorer.app/$(BUNDLE_EXECUTABLE_FOLDER_PATH)/CoreBluetoothExplorer";
			};
			name = Release;
		};
		030678112FD35B3D00937885 /* Debug */ = {
			isa = XCBuildConfiguration;
			buildSettings = {
				CODE_SIGN_STYLE = Automatic;
				CURRENT_PROJECT_VERSION = 1;
				DEVELOPMENT_TEAM = QUFDSU77H7;
				GENERATE_INFOPLIST_FILE = YES;
				MARKETING_VERSION = 1.0;
				PRODUCT_BUNDLE_IDENTIFIER = com.roberto.CoreBluetoothExplorerUITests;
				PRODUCT_NAME = "$(TARGET_NAME)";
				SWIFT_EMIT_LOC_STRINGS = NO;
				SWIFT_VERSION = 5.0;
				TARGETED_DEVICE_FAMILY = "1,2";
				TEST_TARGET_NAME = CoreBluetoothExplorer;
			};
			name = Debug;
		};
		030678122FD35B3D00937885 /* Release */ = {
			isa = XCBuildConfiguration;
			buildSettings = {
				CODE_SIGN_STYLE = Automatic;
				CURRENT_PROJECT_VERSION = 1;
				DEVELOPMENT_TEAM = QUFDSU77H7;
				GENERATE_INFOPLIST_FILE = YES;
				MARKETING_VERSION = 1.0;
				PRODUCT_BUNDLE_IDENTIFIER = com.roberto.CoreBluetoothExplorerUITests;
				PRODUCT_NAME = "$(TARGET_NAME)";
				SWIFT_EMIT_LOC_STRINGS = NO;
				SWIFT_VERSION = 5.0;
				TARGETED_DEVICE_FAMILY = "1,2";
				TEST_TARGET_NAME = CoreBluetoothExplorer;
			};
			name = Release;
		};
/* End XCBuildConfiguration section */

/* Begin XCConfigurationList section */
		030677E42FD35B3A00937885 /* Build configuration list for PBXProject "CoreBluetoothExplorer" */ = {
			isa = XCConfigurationList;
			buildConfigurations = (
				030678082FD35B3D00937885 /* Debug */,
				030678092FD35B3D00937885 /* Release */,
			);
			defaultConfigurationIsVisible = 0;
			defaultConfigurationName = Release;
		};
		0306780A2FD35B3D00937885 /* Build configuration list for PBXNativeTarget "CoreBluetoothExplorer" */ = {
			isa = XCConfigurationList;
			buildConfigurations = (
				0306780B2FD35B3D00937885 /* Debug */,
				0306780C2FD35B3D00937885 /* Release */,
			);
			defaultConfigurationIsVisible = 0;
			defaultConfigurationName = Release;
		};
		0306780D2FD35B3D00937885 /* Build configuration list for PBXNativeTarget "CoreBluetoothExplorerTests" */ = {
			isa = XCConfigurationList;
			buildConfigurations = (
				0306780E2FD35B3D00937885 /* Debug */,
				0306780F2FD35B3D00937885 /* Release */,
			);
			defaultConfigurationIsVisible = 0;
			defaultConfigurationName = Release;
		};
		030678102FD35B3D00937885 /* Build configuration list for PBXNativeTarget "CoreBluetoothExplorerUITests" */ = {
			isa = XCConfigurationList;
			buildConfigurations = (
				030678112FD35B3D00937885 /* Debug */,
				030678122FD35B3D00937885 /* Release */,
			);
			defaultConfigurationIsVisible = 0;
			defaultConfigurationName = Release;
		};
/* End XCConfigurationList section */
	};
	rootObject = 030677E12FD35B3A00937885 /* Project object */;
}
